
Microsoft Visual Studio Solution File, Format Version 12.00
# Visual Studio Version 17
VisualStudioVersion = 17.5.33530.505
MinimumVisualStudioVersion = 10.0.40219.1
Project("{FAE04EC0-301F-11D3-BF4B-00C04F79EFBC}") = "Sintaxe_alternativa", "Sintaxe_alternativa\Sintaxe_alternativa.csproj", "{22849116-AE81-4869-A095-B89AB436F654}"
EndProject
Global
	GlobalSection(SolutionConfigurationPlatforms) = preSolution
		Debug|Any CPU = Debug|Any CPU
		Release|Any CPU = Release|Any CPU
	EndGlobalSection
	GlobalSection(ProjectConfigurationPlatforms) = postSolution
		{22849116-AE81-4869-A095-B89AB436F654}.Debug|Any CPU.ActiveCfg = Debug|Any CPU
		{22849116-AE81-4869-A095-B89AB436F654}.Debug|Any CPU.Build.0 = Debug|Any CPU
		{22849116-AE81-4869-A095-B89AB436F654}.Release|Any CPU.ActiveCfg = Release|Any CPU
		{22849116-AE81-4869-A095-B89AB436F654}.Release|Any CPU.Build.0 = Release|Any CPU
	EndGlobalSection
	GlobalSection(SolutionProperties) = preSolution
		HideSolutionNode = FALSE
	EndGlobalSection
	GlobalSection(ExtensibilityGlobals) = postSolution
		SolutionGuid = {6349D753-9BB5-4EF9-A3D2-C50EBC2E453D}
	EndGlobalSection
EndGlobal
